// !$*UTF8*$!
{
	archiveVersion = 1;
	classes = {
	};
	objectVersion = 50;
	objects = {

/* Begin PBXBuildFile section */
		B947FD3C232AF2000026163D /* AppDelegate.swift in Sources */ = {isa = PBXBuildFile; fileRef = B947FD3B232AF2000026163D /* AppDelegate.swift */; };
		B947FD3E232AF2000026163D /* SceneDelegate.swift in Sources */ = {isa = PBXBuildFile; fileRef = B947FD3D232AF2000026163D /* SceneDelegate.swift */; };
		B947FD40232AF2000026163D /* SignInViewController.swift in Sources */ = {isa = PBXBuildFile; fileRef = B947FD3F232AF2000026163D /* SignInViewController.swift */; };
		B947FD42232AF2020026163D /* Assets.xcassets in Resources */ = {isa = PBXBuildFile; fileRef = B947FD41232AF2020026163D /* Assets.xcassets */; };
		B947FD48232AF2020026163D /* LaunchScreen.storyboard in Resources */ = {isa = PBXBuildFile; fileRef = B947FD46232AF2020026163D /* LaunchScreen.storyboard */; };
		B947FD53232B9D730026163D /* Main.storyboard in Resources */ = {isa = PBXBuildFile; fileRef = B947FD52232B9D730026163D /* Main.storyboard */; };
		B9737B7B232BB4ED00FD3A8C /* CredentialInfoViewController.swift in Sources */ = {isa = PBXBuildFile; fileRef = B9737B7A232BB4ED00FD3A8C /* CredentialInfoViewController.swift */; };
/* End PBXBuildFile section */

/* Begin PBXFileReference section */
		B947FD38232AF2000026163D /* Checkmark.app */ = {isa = PBXFileReference; explicitFileType = wrapper.application; includeInIndex = 0; path = Checkmark.app; sourceTree = BUILT_PRODUCTS_DIR; };
		B947FD3B232AF2000026163D /* AppDelegate.swift */ = {isa = PBXFileReference; lastKnownFileType = sourcecode.swift; path = AppDelegate.swift; sourceTree = "<group>"; };
		B947FD3D232AF2000026163D /* SceneDelegate.swift */ = {isa = PBXFileReference; lastKnownFileType = sourcecode.swift; path = SceneDelegate.swift; sourceTree = "<group>"; };
		B947FD3F232AF2000026163D /* SignInViewController.swift */ = {isa = PBXFileReference; lastKnownFileType = sourcecode.swift; path = SignInViewController.swift; sourceTree = "<group>"; };
		B947FD41232AF2020026163D /* Assets.xcassets */ = {isa = PBXFileReference; lastKnownFileType = folder.assetcatalog; path = Assets.xcassets; sourceTree = "<group>"; };
		B947FD47232AF2020026163D /* Base */ = {isa = PBXFileReference; lastKnownFileType = file.storyboard; name = Base; path = Base.lproj/LaunchScreen.storyboard; sourceTree = "<group>"; };
		B947FD49232AF2020026163D /* Info.plist */ = {isa = PBXFileReference; lastKnownFileType = text.plist.xml; path = Info.plist; sourceTree = "<group>"; };
		B947FD52232B9D730026163D /* Main.storyboard */ = {isa = PBXFileReference; lastKnownFileType = file.storyboard; path = Main.storyboard; sourceTree = "<group>"; };
		B9737B79232BB3F800FD3A8C /* Checkmark.entitlements */ = {isa = PBXFileReference; lastKnownFileType = text.plist.entitlements; path = Checkmark.entitlements; sourceTree = "<group>"; };
		B9737B7A232BB4ED00FD3A8C /* CredentialInfoViewController.swift */ = {isa = PBXFileReference; lastKnownFileType = sourcecode.swift; path = CredentialInfoViewController.swift; sourceTree = "<group>"; };
/* End PBXFileReference section */

/* Begin PBXFrameworksBuildPhase section */
		B947FD35232AF2000026163D /* Frameworks */ = {
			isa = PBXFrameworksBuildPhase;
			buildActionMask = 2147483647;
			files = (
			);
			runOnlyForDeploymentPostprocessing = 0;
		};
/* End PBXFrameworksBuildPhase section */

/* Begin PBXGroup section */
		B947FD2F232AF2000026163D = {
			isa = PBXGroup;
			children = (
				B947FD3A232AF2000026163D /* Checkmark */,
				B947FD39232AF2000026163D /* Products */,
			);
			sourceTree = "<group>";
		};
		B947FD39232AF2000026163D /* Products */ = {
			isa = PBXGroup;
			children = (
				B947FD38232AF2000026163D /* Checkmark.app */,
			);
			name = Products;
			sourceTree = "<group>";
		};
		B947FD3A232AF2000026163D /* Checkmark */ = {
			isa = PBXGroup;
			children = (
				B9737B79232BB3F800FD3A8C /* Checkmark.entitlements */,
				B947FD49232AF2020026163D /* Info.plist */,
				B947FD52232B9D730026163D /* Main.storyboard */,
				B947FD41232AF2020026163D /* Assets.xcassets */,
				B947FD46232AF2020026163D /* LaunchScreen.storyboard */,
				B9E881DD23674BF500CBF890 /* Source */,
			);
			path = Checkmark;
			sourceTree = "<group>";
		};
		B9E881DD23674BF500CBF890 /* Source */ = {
			isa = PBXGroup;
			children = (
				B947FD3B232AF2000026163D /* AppDelegate.swift */,
				B9737B7A232BB4ED00FD3A8C /* CredentialInfoViewController.swift */,
				B947FD3D232AF2000026163D /* SceneDelegate.swift */,
				B947FD3F232AF2000026163D /* SignInViewController.swift */,
			);
			path = Source;
			sourceTree = "<group>";
		};
/* End PBXGroup section */

/* Begin PBXNativeTarget section */
		B947FD37232AF2000026163D /* Checkmark */ = {
			isa = PBXNativeTarget;
			buildConfigurationList = B947FD4C232AF2020026163D /* Build configuration list for PBXNativeTarget "Checkmark" */;
			buildPhases = (
				B947FD34232AF2000026163D /* Sources */,
				B947FD35232AF2000026163D /* Frameworks */,
				B947FD36232AF2000026163D /* Resources */,
			);
			buildRules = (
			);
			dependencies = (
			);
			name = Checkmark;
			productName = SignIn;
			productReference = B947FD38232AF2000026163D /* Checkmark.app */;
			productType = "com.apple.product-type.application";
		};
/* End PBXNativeTarget section */

/* Begin PBXProject section */
		B947FD30232AF2000026163D /* Project object */ = {
			isa = PBXProject;
			attributes = {
				LastSwiftUpdateCheck = 1100;
				LastUpgradeCheck = 1100;
				ORGANIZATIONNAME = Tappy;
				TargetAttributes = {
					B947FD37232AF2000026163D = {
						CreatedOnToolsVersion = 11.0;
					};
				};
			};
			buildConfigurationList = B947FD33232AF2000026163D /* Build configuration list for PBXProject "Checkmark" */;
			compatibilityVersion = "Xcode 9.3";
			developmentRegion = en;
			hasScannedForEncodings = 0;
			knownRegions = (
				en,
				Base,
			);
			mainGroup = B947FD2F232AF2000026163D;
			productRefGroup = B947FD39232AF2000026163D /* Products */;
			projectDirPath = "";
			projectRoot = "";
			targets = (
				B947FD37232AF2000026163D /* Checkmark */,
			);
		};
/* End PBXProject section */

/* Begin PBXResourcesBuildPhase section */
		B947FD36232AF2000026163D /* Resources */ = {
			isa = PBXResourcesBuildPhase;
			buildActionMask = 2147483647;
			files = (
				B947FD53232B9D730026163D /* Main.storyboard in Resources */,
				B947FD48232AF2020026163D /* LaunchScreen.storyboard in Resources */,
				B947FD42232AF2020026163D /* Assets.xcassets in Resources */,
			);
			runOnlyForDeploymentPostprocessing = 0;
		};
/* End PBXResourcesBuildPhase section */

/* Begin PBXSourcesBuildPhase section */
		B947FD34232AF2000026163D /* Sources */ = {
			isa = PBXSourcesBuildPhase;
			buildActionMask = 2147483647;
			files = (
				B947FD3C232AF2000026163D /* AppDelegate.swift in Sources */,
				B947FD3E232AF2000026163D /* SceneDelegate.swift in Sources */,
				B947FD40232AF2000026163D /* SignInViewController.swift in Sources */,
				B9737B7B232BB4ED00FD3A8C /* CredentialInfoViewController.swift in Sources */,
			);
			runOnlyForDeploymentPostprocessing = 0;
		};
/* End PBXSourcesBuildPhase section */

/* Begin PBXVariantGroup section */
		B947FD46232AF2020026163D /* LaunchScreen.storyboard */ = {
			isa = PBXVariantGroup;
			children = (
				B947FD47232AF2020026163D /* Base */,
			);
			name = LaunchScreen.storyboard;
			sourceTree = "<group>";
		};
/* End PBXVariantGroup section */

/* Begin XCBuildConfiguration section */
		B947FD4A232AF2020026163D /* Debug */ = {
			isa = XCBuildConfiguration;
			buildSettings = {
				ALWAYS_SEARCH_USER_PATHS = NO;
				CLANG_ANALYZER_NONNULL = YES;
				CLANG_ANALYZER_NUMBER_OBJECT_CONVERSION = YES_AGGRESSIVE;
				CLANG_CXX_LANGUAGE_STANDARD = "gnu++14";
				CLANG_CXX_LIBRARY = "libc++";
				CLANG_ENABLE_MODULES = YES;
				CLANG_ENABLE_OBJC_ARC = YES;
				CLANG_ENABLE_OBJC_WEAK = YES;
				CLANG_WARN_BLOCK_CAPTURE_AUTORELEASING = YES;
				CLANG_WARN_BOOL_CONVERSION = YES;
				CLANG_WARN_COMMA = YES;
				CLANG_WARN_CONSTANT_CONVERSION = YES;
				CLANG_WARN_DEPRECATED_OBJC_IMPLEMENTATIONS = YES;
				CLANG_WARN_DIRECT_OBJC_ISA_USAGE = YES_ERROR;
				CLANG_WARN_DOCUMENTATION_COMMENTS = YES;
				CLANG_WARN_EMPTY_BODY = YES;
				CLANG_WARN_ENUM_CONVERSION = YES;
				CLANG_WARN_INFINITE_RECURSION = YES;
				CLANG_WARN_INT_CONVERSION = YES;
				CLANG_WARN_NON_LITERAL_NULL_CONVERSION = YES;
				CLANG_WARN_OBJC_IMPLICIT_RETAIN_SELF = YES;
				CLANG_WARN_OBJC_LITERAL_CONVERSION = YES;
				CLANG_WARN_OBJC_ROOT_CLASS = YES_ERROR;
				CLANG_WARN_RANGE_LOOP_ANALYSIS = YES;
				CLANG_WARN_STRICT_PROTOTYPES = YES;
				CLANG_WARN_SUSPICIOUS_MOVE = YES;
				CLANG_WARN_UNGUARDED_AVAILABILITY = YES_AGGRESSIVE;
				CLANG_WARN_UNREACHABLE_CODE = YES;
				CLANG_WARN__DUPLICATE_METHOD_MATCH = YES;
				COPY_PHASE_STRIP = NO;
				DEBUG_INFORMATION_FORMAT = dwarf;
				ENABLE_STRICT_OBJC_MSGSEND = YES;
				ENABLE_TESTABILITY = YES;
				GCC_C_LANGUAGE_STANDARD = gnu11;
				GCC_DYNAMIC_NO_PIC = NO;
				GCC_NO_COMMON_BLOCKS = YES;
				GCC_OPTIMIZATION_LEVEL = 0;
				GCC_PREPROCESSOR_DEFINITIONS = (
					"DEBUG=1",
					"$(inherited)",
				);
				GCC_WARN_64_TO_32_BIT_CONVERSION = YES;
				GCC_WARN_ABOUT_RETURN_TYPE = YES_ERROR;
				GCC_WARN_UNDECLARED_SELECTOR = YES;
				GCC_WARN_UNINITIALIZED_AUTOS = YES_AGGRESSIVE;
				GCC_WARN_UNUSED_FUNCTION = YES;
				GCC_WARN_UNUSED_VARIABLE = YES;
				IPHONEOS_DEPLOYMENT_TARGET = 13.0;
				MTL_ENABLE_DEBUG_INFO = INCLUDE_SOURCE;
				MTL_FAST_MATH = YES;
				ONLY_ACTIVE_ARCH = YES;
				SDKROOT = iphoneos;
				SWIFT_ACTIVE_COMPILATION_CONDITIONS = DEBUG;
				SWIFT_OPTIMIZATION_LEVEL = "-Onone";
			};
			name = Debug;
		};
		B947FD4B232AF2020026163D /* Release */ = {
			isa = XCBuildConfiguration;
			buildSettings = {
				ALWAYS_SEARCH_USER_PATHS = NO;
				CLANG_ANALYZER_NONNULL = YES;
				CLANG_ANALYZER_NUMBER_OBJECT_CONVERSION = YES_AGGRESSIVE;
				CLANG_CXX_LANGUAGE_STANDARD = "gnu++14";
				CLANG_CXX_LIBRARY = "libc++";
				CLANG_ENABLE_MODULES = YES;
				CLANG_ENABLE_OBJC_ARC = YES;
				CLANG_ENABLE_OBJC_WEAK = YES;
				CLANG_WARN_BLOCK_CAPTURE_AUTORELEASING = YES;
				CLANG_WARN_BOOL_CONVERSION = YES;
				CLANG_WARN_COMMA = YES;
				CLANG_WARN_CONSTANT_CONVERSION = YES;
				CLANG_WARN_DEPRECATED_OBJC_IMPLEMENTATIONS = YES;
				CLANG_WARN_DIRECT_OBJC_ISA_USAGE = YES_ERROR;
				CLANG_WARN_DOCUMENTATION_COMMENTS = YES;
				CLANG_WARN_EMPTY_BODY = YES;
				CLANG_WARN_ENUM_CONVERSION = YES;
				CLANG_WARN_INFINITE_RECURSION = YES;
				CLANG_WARN_INT_CONVERSION = YES;
				CLANG_WARN_NON_LITERAL_NULL_CONVERSION = YES;
				CLANG_WARN_OBJC_IMPLICIT_RETAIN_SELF = YES;
				CLANG_WARN_OBJC_LITERAL_CONVERSION = YES;
				CLANG_WARN_OBJC_ROOT_CLASS = YES_ERROR;
				CLANG_WARN_RANGE_LOOP_ANALYSIS = YES;
				CLANG_WARN_STRICT_PROTOTYPES = YES;
				CLANG_WARN_SUSPICIOUS_MOVE = YES;
				CLANG_WARN_UNGUARDED_AVAILABILITY = YES_AGGRESSIVE;
				CLANG_WARN_UNREACHABLE_CODE = YES;
				CLANG_WARN__DUPLICATE_METHOD_MATCH = YES;
				COPY_PHASE_STRIP = NO;
				DEBUG_INFORMATION_FORMAT = "dwarf-with-dsym";
				ENABLE_NS_ASSERTIONS = NO;
				ENABLE_STRICT_OBJC_MSGSEND = YES;
				GCC_C_LANGUAGE_STANDARD = gnu11;
				GCC_NO_COMMON_BLOCKS = YES;
				GCC_WARN_64_TO_32_BIT_CONVERSION = YES;
				GCC_WARN_ABOUT_RETURN_TYPE = YES_ERROR;
				GCC_WARN_UNDECLARED_SELECTOR = YES;
				GCC_WARN_UNINITIALIZED_AUTOS = YES_AGGRESSIVE;
				GCC_WARN_UNUSED_FUNCTION = YES;
				GCC_WARN_UNUSED_VARIABLE = YES;
				IPHONEOS_DEPLOYMENT_TARGET = 13.0;
				MTL_ENABLE_DEBUG_INFO = NO;
				MTL_FAST_MATH = YES;
				SDKROOT = iphoneos;
				SWIFT_COMPILATION_MODE = wholemodule;
				SWIFT_OPTIMIZATION_LEVEL = "-O";
				VALIDATE_PRODUCT = YES;
			};
			name = Release;
		};
		B947FD4D232AF2020026163D /* Debug */ = {
			isa = XCBuildConfiguration;
			buildSettings = {
				ASSETCATALOG_COMPILER_APPICON_NAME = AppIcon;
				CODE_SIGN_ENTITLEMENTS = Checkmark/Checkmark.entitlements;
				CODE_SIGN_STYLE = Automatic;
				DEVELOPMENT_TEAM = PCW579R278;
				ENABLE_PREVIEWS = YES;
				INFOPLIST_FILE = Checkmark/Info.plist;
				LD_RUNPATH_SEARCH_PATHS = (
					"$(inherited)",
					"@executable_path/Frameworks",
				);
				PRODUCT_BUNDLE_IDENTIFIER = com.stherold.demo.signin;
				PRODUCT_NAME = "$(TARGET_NAME)";
				SWIFT_VERSION = 5.0;
				TARGETED_DEVICE_FAMILY = "1,2";
			};
			name = Debug;
		};
		B947FD4E232AF2020026163D /* Release */ = {
			isa = XCBuildConfiguration;
			buildSettings = {
				ASSETCATALOG_COMPILER_APPICON_NAME = AppIcon;
				CODE_SIGN_ENTITLEMENTS = Checkmark/Checkmark.entitlements;
				CODE_SIGN_STYLE = Automatic;
				DEVELOPMENT_TEAM = PCW579R278;
				ENABLE_PREVIEWS = YES;
				INFOPLIST_FILE = Checkmark/Info.plist;
				LD_RUNPATH_SEARCH_PATHS = (
					"$(inherited)",
					"@executable_path/Frameworks",
				);
				PRODUCT_BUNDLE_IDENTIFIER = com.stherold.demo.signin;
				PRODUCT_NAME = "$(TARGET_NAME)";
				SWIFT_VERSION = 5.0;
				TARGETED_DEVICE_FAMILY = "1,2";
			};
			name = Release;
		};
/* End XCBuildConfiguration section */

/* Begin XCConfigurationList section */
		B947FD33232AF2000026163D /* Build configuration list for PBXProject "Checkmark" */ = {
			isa = XCConfigurationList;
			buildConfigurations = (
				B947FD4A232AF2020026163D /* Debug */,
				B947FD4B232AF2020026163D /* Release */,
			);
			defaultConfigurationIsVisible = 0;
			defaultConfigurationName = Release;
		};
		B947FD4C232AF2020026163D /* Build configuration list for PBXNativeTarget "Checkmark" */ = {
			isa = XCConfigurationList;
			buildConfigurations = (
				B947FD4D232AF2020026163D /* Debug */,
				B947FD4E232AF2020026163D /* Release */,
			);
			defaultConfigurationIsVisible = 0;
			defaultConfigurationName = Release;
		};
/* End XCConfigurationList section */
	};
	rootObject = B947FD30232AF2000026163D /* Project object */;
}
